
Microsoft Visual Studio Solution File, Format Version 12.00
# Visual Studio Version 17
VisualStudioVersion = 17.3.32901.215
MinimumVisualStudioVersion = 10.0.40219.1
Project("{FAE04EC0-301F-11D3-BF4B-00C04F79EFBC}") = "calılar-yarış", "calılar-yarış\calılar-yarış.csproj", "{5F64B1AA-E26F-4A02-9270-5A3D1CF89BFA}"
EndProject
Global
	GlobalSection(SolutionConfigurationPlatforms) = preSolution
		Debug|Any CPU = Debug|Any CPU
		Release|Any CPU = Release|Any CPU
	EndGlobalSection
	GlobalSection(ProjectConfigurationPlatforms) = postSolution
		{5F64B1AA-E26F-4A02-9270-5A3D1CF89BFA}.Debug|Any CPU.ActiveCfg = Debug|Any CPU
		{5F64B1AA-E26F-4A02-9270-5A3D1CF89BFA}.Debug|Any CPU.Build.0 = Debug|Any CPU
		{5F64B1AA-E26F-4A02-9270-5A3D1CF89BFA}.Release|Any CPU.ActiveCfg = Release|Any CPU
		{5F64B1AA-E26F-4A02-9270-5A3D1CF89BFA}.Release|Any CPU.Build.0 = Release|Any CPU
	EndGlobalSection
	GlobalSection(SolutionProperties) = preSolution
		HideSolutionNode = FALSE
	EndGlobalSection
	GlobalSection(ExtensibilityGlobals) = postSolution
		SolutionGuid = {14C606E5-51B3-4558-9E79-208CB211348E}
	EndGlobalSection
EndGlobal
